
Microsoft Visual Studio Solution File, Format Version 12.00
Project("{FAE04EC0-301F-11D3-BF4B-00C04F79EFBC}") = "BlockGame", "BlockGame.csproj", "{5542B97E-C9FC-4426-AB74-75776EA31CF2}"
EndProject
Global
	GlobalSection(SolutionConfigurationPlatforms) = preSolution
		Debug|Any CPU = Debug|Any CPU
		Release|Any CPU = Release|Any CPU
	EndGlobalSection
	GlobalSection(ProjectConfigurationPlatforms) = postSolution
		{5542B97E-C9FC-4426-AB74-75776EA31CF2}.Debug|Any CPU.ActiveCfg = Debug|Any CPU
		{5542B97E-C9FC-4426-AB74-75776EA31CF2}.Debug|Any CPU.Build.0 = Debug|Any CPU
		{5542B97E-C9FC-4426-AB74-75776EA31CF2}.Release|Any CPU.ActiveCfg = Release|Any CPU
		{5542B97E-C9FC-4426-AB74-75776EA31CF2}.Release|Any CPU.Build.0 = Release|Any CPU
	EndGlobalSection
EndGlobal
