
Microsoft Visual Studio Solution File, Format Version 12.00
#
Project("{FAE04EC0-301F-11D3-BF4B-00C04F79EFBC}") = "BlockGame", "src/BlockGame.csproj", "{2D6DEDE2-015E-4BD8-BBA7-63BB929DA1CE}"
EndProject
Project("{FAE04EC0-301F-11D3-BF4B-00C04F79EFBC}") = "FontStashSharp", "lib/FontStashSharp/FontStashSharp.csproj", "{1D9EF992-4846-4202-9649-809903851066}"
EndProject
Project("{FAE04EC0-301F-11D3-BF4B-00C04F79EFBC}") = "FontStashSharp.Base", "lib/FontStashSharp.Base/FontStashSharp.Base.csproj", "{233D6F7F-2007-4A25-86EE-5C8BBA0A7CC0}"
EndProject
Project("{FAE04EC0-301F-11D3-BF4B-00C04F79EFBC}") = "FontStashSharp.Rasterizers.FreeType", "lib/FontStashSharp.Rasterizers.FreeType/FontStashSharp.Rasterizers.FreeType.csproj", "{115DB7EA-6959-4BE6-9778-A88EDA491F87}"
EndProject
Project("{FAE04EC0-301F-11D3-BF4B-00C04F79EFBC}") = "FontStashSharp.Rasterizers.StbTrueTypeSharp", "lib/FontStashSharp.Rasterizers.StbTrueTypeSharp/FontStashSharp.Rasterizers.StbTrueTypeSharp.csproj", "{0B5A42F8-E2F8-4E4A-B39B-194A1A70285C}"
EndProject
Project("{FAE04EC0-301F-11D3-BF4B-00C04F79EFBC}") = "FontStashSharp.Rasterizers.SixLabors.Fonts", "lib\FontStashSharp.Rasterizers.SixLabors.Fonts\FontStashSharp.Rasterizers.SixLabors.Fonts.csproj", "{673B4E99-6B19-4009-85F1-84B52AE5D235}"
EndProject
Project("{FAE04EC0-301F-11D3-BF4B-00C04F79EFBC}") = "TrippyGL", "lib\TrippyGL\TrippyGL.csproj", "{211C2311-9E4A-4671-AA32-13B9C3E8B2EE}"
EndProject
Project("{FAE04EC0-301F-11D3-BF4B-00C04F79EFBC}") = "TrippyGL.Fonts", "lib\TrippyGL.Fonts\TrippyGL.Fonts.csproj", "{18A336BF-555E-413B-BA0E-BE1BE548F996}"
EndProject
Project("{FAE04EC0-301F-11D3-BF4B-00C04F79EFBC}") = "TrippyGL.Fonts.Building", "lib\TrippyGL.Fonts.Building\TrippyGL.Fonts.Building.csproj", "{86D0B179-CE3E-4D62-A407-7772671E15DD}"
EndProject
Project("{FAE04EC0-301F-11D3-BF4B-00C04F79EFBC}") = "TrippyGL.Fonts.Extensions", "lib\TrippyGL.Fonts.Extensions\TrippyGL.Fonts.Extensions.csproj", "{6D08E97F-3DFB-4A62-A80F-993CF2F69422}"
EndProject
Project("{FAE04EC0-301F-11D3-BF4B-00C04F79EFBC}") = "TrippyGL.ImageSharp", "lib\TrippyGL.ImageSharp\TrippyGL.ImageSharp.csproj", "{C9089610-35AF-404C-98C9-0A9CA18897F3}"
EndProject
Project("{FAE04EC0-301F-11D3-BF4B-00C04F79EFBC}") = "Silk.NET.Input", "lib\Silk.NET.Input\Silk.NET.Input.csproj", "{94706EF2-2F76-4602-951C-D477685D4C9B}"
EndProject
Project("{FAE04EC0-301F-11D3-BF4B-00C04F79EFBC}") = "Silk.NET.Input.Common", "lib\Silk.NET.Input.Common\Silk.NET.Input.Common.csproj", "{D7E63F81-0909-4500-8DCF-1EC15A70B2C1}"
EndProject
Project("{FAE04EC0-301F-11D3-BF4B-00C04F79EFBC}") = "Silk.NET.Input.Extensions", "lib\Silk.NET.Input.Extensions\Silk.NET.Input.Extensions.csproj", "{0AE4D968-5820-4BFD-9CB8-75B89E55B970}"
EndProject
Project("{FAE04EC0-301F-11D3-BF4B-00C04F79EFBC}") = "Silk.NET.Input.Glfw", "lib\Silk.NET.Input.Glfw\Silk.NET.Input.Glfw.csproj", "{A4E209A2-C0E6-43BD-9CCE-8169581B7D8C}"
EndProject
Project("{FAE04EC0-301F-11D3-BF4B-00C04F79EFBC}") = "BlockGameTesting", "BlockGameTesting\BlockGameTesting.csproj", "{00893D00-50A6-43C4-9069-9FEF2FC6BCE0}"
EndProject
Project("{FAE04EC0-301F-11D3-BF4B-00C04F79EFBC}") = "Analyzers", "Analyzers\Analyzers\Analyzers.csproj", "{2870D7E8-F4B1-4369-97D1-BF901682192D}"
EndProject
Project("{FAE04EC0-301F-11D3-BF4B-00C04F79EFBC}") = "Meth", "meth\Meth.csproj", "{2D9B487A-14BC-42E8-970C-B735A4D759A0}"
EndProject
Global
	GlobalSection(SolutionConfigurationPlatforms) = preSolution
		Debug|Any CPU = Debug|Any CPU
		Release|Any CPU = Release|Any CPU
	EndGlobalSection
	GlobalSection(ProjectConfigurationPlatforms) = postSolution
		{2D6DEDE2-015E-4BD8-BBA7-63BB929DA1CE}.Debug|Any CPU.ActiveCfg = Debug|Any CPU
		{2D6DEDE2-015E-4BD8-BBA7-63BB929DA1CE}.Debug|Any CPU.Build.0 = Debug|Any CPU
		{2D6DEDE2-015E-4BD8-BBA7-63BB929DA1CE}.Release|Any CPU.ActiveCfg = Release|Any CPU
		{2D6DEDE2-015E-4BD8-BBA7-63BB929DA1CE}.Release|Any CPU.Build.0 = Release|Any CPU
		{1D9EF992-4846-4202-9649-809903851066}.Debug|Any CPU.ActiveCfg = Debug|Any CPU
		{1D9EF992-4846-4202-9649-809903851066}.Debug|Any CPU.Build.0 = Debug|Any CPU
		{1D9EF992-4846-4202-9649-809903851066}.Release|Any CPU.ActiveCfg = Release|Any CPU
		{1D9EF992-4846-4202-9649-809903851066}.Release|Any CPU.Build.0 = Release|Any CPU
		{233D6F7F-2007-4A25-86EE-5C8BBA0A7CC0}.Debug|Any CPU.ActiveCfg = Debug|Any CPU
		{233D6F7F-2007-4A25-86EE-5C8BBA0A7CC0}.Debug|Any CPU.Build.0 = Debug|Any CPU
		{233D6F7F-2007-4A25-86EE-5C8BBA0A7CC0}.Release|Any CPU.ActiveCfg = Release|Any CPU
		{233D6F7F-2007-4A25-86EE-5C8BBA0A7CC0}.Release|Any CPU.Build.0 = Release|Any CPU
		{115DB7EA-6959-4BE6-9778-A88EDA491F87}.Debug|Any CPU.ActiveCfg = Debug|Any CPU
		{115DB7EA-6959-4BE6-9778-A88EDA491F87}.Debug|Any CPU.Build.0 = Debug|Any CPU
		{115DB7EA-6959-4BE6-9778-A88EDA491F87}.Release|Any CPU.ActiveCfg = Release|Any CPU
		{115DB7EA-6959-4BE6-9778-A88EDA491F87}.Release|Any CPU.Build.0 = Release|Any CPU
		{0B5A42F8-E2F8-4E4A-B39B-194A1A70285C}.Debug|Any CPU.ActiveCfg = Debug|Any CPU
		{0B5A42F8-E2F8-4E4A-B39B-194A1A70285C}.Debug|Any CPU.Build.0 = Debug|Any CPU
		{0B5A42F8-E2F8-4E4A-B39B-194A1A70285C}.Release|Any CPU.ActiveCfg = Release|Any CPU
		{0B5A42F8-E2F8-4E4A-B39B-194A1A70285C}.Release|Any CPU.Build.0 = Release|Any CPU
		{673B4E99-6B19-4009-85F1-84B52AE5D235}.Debug|Any CPU.ActiveCfg = Debug|Any CPU
		{673B4E99-6B19-4009-85F1-84B52AE5D235}.Debug|Any CPU.Build.0 = Debug|Any CPU
		{673B4E99-6B19-4009-85F1-84B52AE5D235}.Release|Any CPU.ActiveCfg = Release|Any CPU
		{673B4E99-6B19-4009-85F1-84B52AE5D235}.Release|Any CPU.Build.0 = Release|Any CPU
		{211C2311-9E4A-4671-AA32-13B9C3E8B2EE}.Debug|Any CPU.ActiveCfg = Debug|Any CPU
		{211C2311-9E4A-4671-AA32-13B9C3E8B2EE}.Debug|Any CPU.Build.0 = Debug|Any CPU
		{211C2311-9E4A-4671-AA32-13B9C3E8B2EE}.Release|Any CPU.ActiveCfg = Release|Any CPU
		{211C2311-9E4A-4671-AA32-13B9C3E8B2EE}.Release|Any CPU.Build.0 = Release|Any CPU
		{18A336BF-555E-413B-BA0E-BE1BE548F996}.Debug|Any CPU.ActiveCfg = Debug|Any CPU
		{18A336BF-555E-413B-BA0E-BE1BE548F996}.Debug|Any CPU.Build.0 = Debug|Any CPU
		{18A336BF-555E-413B-BA0E-BE1BE548F996}.Release|Any CPU.ActiveCfg = Release|Any CPU
		{18A336BF-555E-413B-BA0E-BE1BE548F996}.Release|Any CPU.Build.0 = Release|Any CPU
		{86D0B179-CE3E-4D62-A407-7772671E15DD}.Debug|Any CPU.ActiveCfg = Debug|Any CPU
		{86D0B179-CE3E-4D62-A407-7772671E15DD}.Debug|Any CPU.Build.0 = Debug|Any CPU
		{86D0B179-CE3E-4D62-A407-7772671E15DD}.Release|Any CPU.ActiveCfg = Release|Any CPU
		{86D0B179-CE3E-4D62-A407-7772671E15DD}.Release|Any CPU.Build.0 = Release|Any CPU
		{6D08E97F-3DFB-4A62-A80F-993CF2F69422}.Debug|Any CPU.ActiveCfg = Debug|Any CPU
		{6D08E97F-3DFB-4A62-A80F-993CF2F69422}.Debug|Any CPU.Build.0 = Debug|Any CPU
		{6D08E97F-3DFB-4A62-A80F-993CF2F69422}.Release|Any CPU.ActiveCfg = Release|Any CPU
		{6D08E97F-3DFB-4A62-A80F-993CF2F69422}.Release|Any CPU.Build.0 = Release|Any CPU
		{C9089610-35AF-404C-98C9-0A9CA18897F3}.Debug|Any CPU.ActiveCfg = Debug|Any CPU
		{C9089610-35AF-404C-98C9-0A9CA18897F3}.Debug|Any CPU.Build.0 = Debug|Any CPU
		{C9089610-35AF-404C-98C9-0A9CA18897F3}.Release|Any CPU.ActiveCfg = Release|Any CPU
		{C9089610-35AF-404C-98C9-0A9CA18897F3}.Release|Any CPU.Build.0 = Release|Any CPU
		{4634045C-C5C3-435C-A5D9-5ACE99AE2679}.Debug|Any CPU.ActiveCfg = Debug|Any CPU
		{4634045C-C5C3-435C-A5D9-5ACE99AE2679}.Debug|Any CPU.Build.0 = Debug|Any CPU
		{4634045C-C5C3-435C-A5D9-5ACE99AE2679}.Release|Any CPU.ActiveCfg = Release|Any CPU
		{4634045C-C5C3-435C-A5D9-5ACE99AE2679}.Release|Any CPU.Build.0 = Release|Any CPU
		{94706EF2-2F76-4602-951C-D477685D4C9B}.Debug|Any CPU.ActiveCfg = Debug|Any CPU
		{94706EF2-2F76-4602-951C-D477685D4C9B}.Debug|Any CPU.Build.0 = Debug|Any CPU
		{94706EF2-2F76-4602-951C-D477685D4C9B}.Release|Any CPU.ActiveCfg = Release|Any CPU
		{94706EF2-2F76-4602-951C-D477685D4C9B}.Release|Any CPU.Build.0 = Release|Any CPU
		{D7E63F81-0909-4500-8DCF-1EC15A70B2C1}.Debug|Any CPU.ActiveCfg = Debug|Any CPU
		{D7E63F81-0909-4500-8DCF-1EC15A70B2C1}.Debug|Any CPU.Build.0 = Debug|Any CPU
		{D7E63F81-0909-4500-8DCF-1EC15A70B2C1}.Release|Any CPU.ActiveCfg = Release|Any CPU
		{D7E63F81-0909-4500-8DCF-1EC15A70B2C1}.Release|Any CPU.Build.0 = Release|Any CPU
		{0AE4D968-5820-4BFD-9CB8-75B89E55B970}.Debug|Any CPU.ActiveCfg = Debug|Any CPU
		{0AE4D968-5820-4BFD-9CB8-75B89E55B970}.Debug|Any CPU.Build.0 = Debug|Any CPU
		{0AE4D968-5820-4BFD-9CB8-75B89E55B970}.Release|Any CPU.ActiveCfg = Release|Any CPU
		{0AE4D968-5820-4BFD-9CB8-75B89E55B970}.Release|Any CPU.Build.0 = Release|Any CPU
		{A4E209A2-C0E6-43BD-9CCE-8169581B7D8C}.Debug|Any CPU.ActiveCfg = Debug|Any CPU
		{A4E209A2-C0E6-43BD-9CCE-8169581B7D8C}.Debug|Any CPU.Build.0 = Debug|Any CPU
		{A4E209A2-C0E6-43BD-9CCE-8169581B7D8C}.Release|Any CPU.ActiveCfg = Release|Any CPU
		{A4E209A2-C0E6-43BD-9CCE-8169581B7D8C}.Release|Any CPU.Build.0 = Release|Any CPU
		{00893D00-50A6-43C4-9069-9FEF2FC6BCE0}.Debug|Any CPU.ActiveCfg = Debug|Any CPU
		{00893D00-50A6-43C4-9069-9FEF2FC6BCE0}.Debug|Any CPU.Build.0 = Debug|Any CPU
		{00893D00-50A6-43C4-9069-9FEF2FC6BCE0}.Release|Any CPU.ActiveCfg = Release|Any CPU
		{00893D00-50A6-43C4-9069-9FEF2FC6BCE0}.Release|Any CPU.Build.0 = Release|Any CPU
		{2870D7E8-F4B1-4369-97D1-BF901682192D}.Debug|Any CPU.ActiveCfg = Debug|Any CPU
		{2870D7E8-F4B1-4369-97D1-BF901682192D}.Debug|Any CPU.Build.0 = Debug|Any CPU
		{2870D7E8-F4B1-4369-97D1-BF901682192D}.Release|Any CPU.ActiveCfg = Release|Any CPU
		{2870D7E8-F4B1-4369-97D1-BF901682192D}.Release|Any CPU.Build.0 = Release|Any CPU
		{2D9B487A-14BC-42E8-970C-B735A4D759A0}.Debug|Any CPU.ActiveCfg = Debug|Any CPU
		{2D9B487A-14BC-42E8-970C-B735A4D759A0}.Debug|Any CPU.Build.0 = Debug|Any CPU
		{2D9B487A-14BC-42E8-970C-B735A4D759A0}.Release|Any CPU.ActiveCfg = Release|Any CPU
		{2D9B487A-14BC-42E8-970C-B735A4D759A0}.Release|Any CPU.Build.0 = Release|Any CPU
	EndGlobalSection
EndGlobal
